// !$*UTF8*$!
{
	archiveVersion = 1;
	classes = {
	};
	objectVersion = 56;
	objects = {

/* Begin PBXBuildFile section */
		D9A488FD2BEA655600DEFF36 /* NativeSwiftUI_ObjcTestApp.swift in Sources */ = {isa = PBXBuildFile; fileRef = D9A488FC2BEA655600DEFF36 /* NativeSwiftUI_ObjcTestApp.swift */; };
		D9A488FF2BEA655600DEFF36 /* ContentView.swift in Sources */ = {isa = PBXBuildFile; fileRef = D9A488FE2BEA655600DEFF36 /* ContentView.swift */; };
		D9A489012BEA655700DEFF36 /* Assets.xcassets in Resources */ = {isa = PBXBuildFile; fileRef = D9A489002BEA655700DEFF36 /* Assets.xcassets */; };
		D9A489042BEA655700DEFF36 /* Preview Assets.xcassets in Resources */ = {isa = PBXBuildFile; fileRef = D9A489032BEA655700DEFF36 /* Preview Assets.xcassets */; };
		D9A4890B2BEA659700DEFF36 /* ViewModel.swift in Sources */ = {isa = PBXBuildFile; fileRef = D9A4890A2BEA659700DEFF36 /* ViewModel.swift */; };
		D9A4890D2BEA677600DEFF36 /* GridItemView.swift in Sources */ = {isa = PBXBuildFile; fileRef = D9A4890C2BEA677600DEFF36 /* GridItemView.swift */; };
		D9A489112BEA67F100DEFF36 /* TestObjc.m in Sources */ = {isa = PBXBuildFile; fileRef = D9A489102BEA67F100DEFF36 /* TestObjc.m */; };
/* End PBXBuildFile section */

/* Begin PBXFileReference section */
		D9A488F92BEA655600DEFF36 /* NativeSwiftUI_ObjcTest.app */ = {isa = PBXFileReference; explicitFileType = wrapper.application; includeInIndex = 0; path = NativeSwiftUI_ObjcTest.app; sourceTree = BUILT_PRODUCTS_DIR; };
		D9A488FC2BEA655600DEFF36 /* NativeSwiftUI_ObjcTestApp.swift */ = {isa = PBXFileReference; lastKnownFileType = sourcecode.swift; path = NativeSwiftUI_ObjcTestApp.swift; sourceTree = "<group>"; };
		D9A488FE2BEA655600DEFF36 /* ContentView.swift */ = {isa = PBXFileReference; lastKnownFileType = sourcecode.swift; path = ContentView.swift; sourceTree = "<group>"; };
		D9A489002BEA655700DEFF36 /* Assets.xcassets */ = {isa = PBXFileReference; lastKnownFileType = folder.assetcatalog; path = Assets.xcassets; sourceTree = "<group>"; };
		D9A489032BEA655700DEFF36 /* Preview Assets.xcassets */ = {isa = PBXFileReference; lastKnownFileType = folder.assetcatalog; path = "Preview Assets.xcassets"; sourceTree = "<group>"; };
		D9A4890A2BEA659700DEFF36 /* ViewModel.swift */ = {isa = PBXFileReference; lastKnownFileType = sourcecode.swift; path = ViewModel.swift; sourceTree = "<group>"; };
		D9A4890C2BEA677600DEFF36 /* GridItemView.swift */ = {isa = PBXFileReference; lastKnownFileType = sourcecode.swift; path = GridItemView.swift; sourceTree = "<group>"; };
		D9A4890E2BEA67F000DEFF36 /* NativeSwiftUI_ObjcTest-Bridging-Header.h */ = {isa = PBXFileReference; lastKnownFileType = sourcecode.c.h; path = "NativeSwiftUI_ObjcTest-Bridging-Header.h"; sourceTree = "<group>"; };
		D9A4890F2BEA67F100DEFF36 /* TestObjc.h */ = {isa = PBXFileReference; lastKnownFileType = sourcecode.c.h; path = TestObjc.h; sourceTree = "<group>"; };
		D9A489102BEA67F100DEFF36 /* TestObjc.m */ = {isa = PBXFileReference; lastKnownFileType = sourcecode.c.objc; path = TestObjc.m; sourceTree = "<group>"; };
/* End PBXFileReference section */

/* Begin PBXFrameworksBuildPhase section */
		D9A488F62BEA655600DEFF36 /* Frameworks */ = {
			isa = PBXFrameworksBuildPhase;
			buildActionMask = 2147483647;
			files = (
			);
			runOnlyForDeploymentPostprocessing = 0;
		};
/* End PBXFrameworksBuildPhase section */

/* Begin PBXGroup section */
		D9A488F02BEA655600DEFF36 = {
			isa = PBXGroup;
			children = (
				D9A488FB2BEA655600DEFF36 /* NativeSwiftUI_ObjcTest */,
				D9A488FA2BEA655600DEFF36 /* Products */,
			);
			sourceTree = "<group>";
		};
		D9A488FA2BEA655600DEFF36 /* Products */ = {
			isa = PBXGroup;
			children = (
				D9A488F92BEA655600DEFF36 /* NativeSwiftUI_ObjcTest.app */,
			);
			name = Products;
			sourceTree = "<group>";
		};
		D9A488FB2BEA655600DEFF36 /* NativeSwiftUI_ObjcTest */ = {
			isa = PBXGroup;
			children = (
				D9A488FC2BEA655600DEFF36 /* NativeSwiftUI_ObjcTestApp.swift */,
				D9A488FE2BEA655600DEFF36 /* ContentView.swift */,
				D9A489002BEA655700DEFF36 /* Assets.xcassets */,
				D9A489022BEA655700DEFF36 /* Preview Content */,
				D9A4890A2BEA659700DEFF36 /* ViewModel.swift */,
				D9A4890C2BEA677600DEFF36 /* GridItemView.swift */,
				D9A4890F2BEA67F100DEFF36 /* TestObjc.h */,
				D9A489102BEA67F100DEFF36 /* TestObjc.m */,
				D9A4890E2BEA67F000DEFF36 /* NativeSwiftUI_ObjcTest-Bridging-Header.h */,
			);
			path = NativeSwiftUI_ObjcTest;
			sourceTree = "<group>";
		};
		D9A489022BEA655700DEFF36 /* Preview Content */ = {
			isa = PBXGroup;
			children = (
				D9A489032BEA655700DEFF36 /* Preview Assets.xcassets */,
			);
			path = "Preview Content";
			sourceTree = "<group>";
		};
/* End PBXGroup section */

/* Begin PBXNativeTarget section */
		D9A488F82BEA655600DEFF36 /* NativeSwiftUI_ObjcTest */ = {
			isa = PBXNativeTarget;
			buildConfigurationList = D9A489072BEA655700DEFF36 /* Build configuration list for PBXNativeTarget "NativeSwiftUI_ObjcTest" */;
			buildPhases = (
				D9A488F52BEA655600DEFF36 /* Sources */,
				D9A488F62BEA655600DEFF36 /* Frameworks */,
				D9A488F72BEA655600DEFF36 /* Resources */,
			);
			buildRules = (
			);
			dependencies = (
			);
			name = NativeSwiftUI_ObjcTest;
			productName = NativeSwiftUI_ObjcTest;
			productReference = D9A488F92BEA655600DEFF36 /* NativeSwiftUI_ObjcTest.app */;
			productType = "com.apple.product-type.application";
		};
/* End PBXNativeTarget section */

/* Begin PBXProject section */
		D9A488F12BEA655600DEFF36 /* Project object */ = {
			isa = PBXProject;
			attributes = {
				BuildIndependentTargetsInParallel = 1;
				LastSwiftUpdateCheck = 1530;
				LastUpgradeCheck = 1530;
				TargetAttributes = {
					D9A488F82BEA655600DEFF36 = {
						CreatedOnToolsVersion = 15.3;
						LastSwiftMigration = 1530;
					};
				};
			};
			buildConfigurationList = D9A488F42BEA655600DEFF36 /* Build configuration list for PBXProject "NativeSwiftUI_ObjcTest" */;
			compatibilityVersion = "Xcode 14.0";
			developmentRegion = en;
			hasScannedForEncodings = 0;
			knownRegions = (
				en,
				Base,
			);
			mainGroup = D9A488F02BEA655600DEFF36;
			productRefGroup = D9A488FA2BEA655600DEFF36 /* Products */;
			projectDirPath = "";
			projectRoot = "";
			targets = (
				D9A488F82BEA655600DEFF36 /* NativeSwiftUI_ObjcTest */,
			);
		};
/* End PBXProject section */

/* Begin PBXResourcesBuildPhase section */
		D9A488F72BEA655600DEFF36 /* Resources */ = {
			isa = PBXResourcesBuildPhase;
			buildActionMask = 2147483647;
			files = (
				D9A489042BEA655700DEFF36 /* Preview Assets.xcassets in Resources */,
				D9A489012BEA655700DEFF36 /* Assets.xcassets in Resources */,
			);
			runOnlyForDeploymentPostprocessing = 0;
		};
/* End PBXResourcesBuildPhase section */

/* Begin PBXSourcesBuildPhase section */
		D9A488F52BEA655600DEFF36 /* Sources */ = {
			isa = PBXSourcesBuildPhase;
			buildActionMask = 2147483647;
			files = (
				D9A488FF2BEA655600DEFF36 /* ContentView.swift in Sources */,
				D9A4890B2BEA659700DEFF36 /* ViewModel.swift in Sources */,
				D9A489112BEA67F100DEFF36 /* TestObjc.m in Sources */,
				D9A4890D2BEA677600DEFF36 /* GridItemView.swift in Sources */,
				D9A488FD2BEA655600DEFF36 /* NativeSwiftUI_ObjcTestApp.swift in Sources */,
			);
			runOnlyForDeploymentPostprocessing = 0;
		};
/* End PBXSourcesBuildPhase section */

/* Begin XCBuildConfiguration section */
		D9A489052BEA655700DEFF36 /* Debug */ = {
			isa = XCBuildConfiguration;
			buildSettings = {
				ALWAYS_SEARCH_USER_PATHS = NO;
				ASSETCATALOG_COMPILER_GENERATE_SWIFT_ASSET_SYMBOL_EXTENSIONS = YES;
				CLANG_ANALYZER_NONNULL = YES;
				CLANG_ANALYZER_NUMBER_OBJECT_CONVERSION = YES_AGGRESSIVE;
				CLANG_CXX_LANGUAGE_STANDARD = "gnu++20";
				CLANG_ENABLE_MODULES = YES;
				CLANG_ENABLE_OBJC_ARC = YES;
				CLANG_ENABLE_OBJC_WEAK = YES;
				CLANG_WARN_BLOCK_CAPTURE_AUTORELEASING = YES;
				CLANG_WARN_BOOL_CONVERSION = YES;
				CLANG_WARN_COMMA = YES;
				CLANG_WARN_CONSTANT_CONVERSION = YES;
				CLANG_WARN_DEPRECATED_OBJC_IMPLEMENTATIONS = YES;
				CLANG_WARN_DIRECT_OBJC_ISA_USAGE = YES_ERROR;
				CLANG_WARN_DOCUMENTATION_COMMENTS = YES;
				CLANG_WARN_EMPTY_BODY = YES;
				CLANG_WARN_ENUM_CONVERSION = YES;
				CLANG_WARN_INFINITE_RECURSION = YES;
				CLANG_WARN_INT_CONVERSION = YES;
				CLANG_WARN_NON_LITERAL_NULL_CONVERSION = YES;
				CLANG_WARN_OBJC_IMPLICIT_RETAIN_SELF = YES;
				CLANG_WARN_OBJC_LITERAL_CONVERSION = YES;
				CLANG_WARN_OBJC_ROOT_CLASS = YES_ERROR;
				CLANG_WARN_QUOTED_INCLUDE_IN_FRAMEWORK_HEADER = YES;
				CLANG_WARN_RANGE_LOOP_ANALYSIS = YES;
				CLANG_WARN_STRICT_PROTOTYPES = YES;
				CLANG_WARN_SUSPICIOUS_MOVE = YES;
				CLANG_WARN_UNGUARDED_AVAILABILITY = YES_AGGRESSIVE;
				CLANG_WARN_UNREACHABLE_CODE = YES;
				CLANG_WARN__DUPLICATE_METHOD_MATCH = YES;
				COPY_PHASE_STRIP = NO;
				DEBUG_INFORMATION_FORMAT = dwarf;
				ENABLE_STRICT_OBJC_MSGSEND = YES;
				ENABLE_TESTABILITY = YES;
				ENABLE_USER_SCRIPT_SANDBOXING = YES;
				GCC_C_LANGUAGE_STANDARD = gnu17;
				GCC_DYNAMIC_NO_PIC = NO;
				GCC_NO_COMMON_BLOCKS = YES;
				GCC_OPTIMIZATION_LEVEL = 0;
				GCC_PREPROCESSOR_DEFINITIONS = (
					"DEBUG=1",
					"$(inherited)",
				);
				GCC_WARN_64_TO_32_BIT_CONVERSION = YES;
				GCC_WARN_ABOUT_RETURN_TYPE = YES_ERROR;
				GCC_WARN_UNDECLARED_SELECTOR = YES;
				GCC_WARN_UNINITIALIZED_AUTOS = YES_AGGRESSIVE;
				GCC_WARN_UNUSED_FUNCTION = YES;
				GCC_WARN_UNUSED_VARIABLE = YES;
				IPHONEOS_DEPLOYMENT_TARGET = 17.4;
				LOCALIZATION_PREFERS_STRING_CATALOGS = YES;
				MTL_ENABLE_DEBUG_INFO = INCLUDE_SOURCE;
				MTL_FAST_MATH = YES;
				ONLY_ACTIVE_ARCH = YES;
				SDKROOT = iphoneos;
				SWIFT_ACTIVE_COMPILATION_CONDITIONS = "DEBUG $(inherited)";
				SWIFT_OPTIMIZATION_LEVEL = "-Onone";
			};
			name = Debug;
		};
		D9A489062BEA655700DEFF36 /* Release */ = {
			isa = XCBuildConfiguration;
			buildSettings = {
				ALWAYS_SEARCH_USER_PATHS = NO;
				ASSETCATALOG_COMPILER_GENERATE_SWIFT_ASSET_SYMBOL_EXTENSIONS = YES;
				CLANG_ANALYZER_NONNULL = YES;
				CLANG_ANALYZER_NUMBER_OBJECT_CONVERSION = YES_AGGRESSIVE;
				CLANG_CXX_LANGUAGE_STANDARD = "gnu++20";
				CLANG_ENABLE_MODULES = YES;
				CLANG_ENABLE_OBJC_ARC = YES;
				CLANG_ENABLE_OBJC_WEAK = YES;
				CLANG_WARN_BLOCK_CAPTURE_AUTORELEASING = YES;
				CLANG_WARN_BOOL_CONVERSION = YES;
				CLANG_WARN_COMMA = YES;
				CLANG_WARN_CONSTANT_CONVERSION = YES;
				CLANG_WARN_DEPRECATED_OBJC_IMPLEMENTATIONS = YES;
				CLANG_WARN_DIRECT_OBJC_ISA_USAGE = YES_ERROR;
				CLANG_WARN_DOCUMENTATION_COMMENTS = YES;
				CLANG_WARN_EMPTY_BODY = YES;
				CLANG_WARN_ENUM_CONVERSION = YES;
				CLANG_WARN_INFINITE_RECURSION = YES;
				CLANG_WARN_INT_CONVERSION = YES;
				CLANG_WARN_NON_LITERAL_NULL_CONVERSION = YES;
				CLANG_WARN_OBJC_IMPLICIT_RETAIN_SELF = YES;
				CLANG_WARN_OBJC_LITERAL_CONVERSION = YES;
				CLANG_WARN_OBJC_ROOT_CLASS = YES_ERROR;
				CLANG_WARN_QUOTED_INCLUDE_IN_FRAMEWORK_HEADER = YES;
				CLANG_WARN_RANGE_LOOP_ANALYSIS = YES;
				CLANG_WARN_STRICT_PROTOTYPES = YES;
				CLANG_WARN_SUSPICIOUS_MOVE = YES;
				CLANG_WARN_UNGUARDED_AVAILABILITY = YES_AGGRESSIVE;
				CLANG_WARN_UNREACHABLE_CODE = YES;
				CLANG_WARN__DUPLICATE_METHOD_MATCH = YES;
				COPY_PHASE_STRIP = NO;
				DEBUG_INFORMATION_FORMAT = "dwarf-with-dsym";
				ENABLE_NS_ASSERTIONS = NO;
				ENABLE_STRICT_OBJC_MSGSEND = YES;
				ENABLE_USER_SCRIPT_SANDBOXING = YES;
				GCC_C_LANGUAGE_STANDARD = gnu17;
				GCC_NO_COMMON_BLOCKS = YES;
				GCC_WARN_64_TO_32_BIT_CONVERSION = YES;
				GCC_WARN_ABOUT_RETURN_TYPE = YES_ERROR;
				GCC_WARN_UNDECLARED_SELECTOR = YES;
				GCC_WARN_UNINITIALIZED_AUTOS = YES_AGGRESSIVE;
				GCC_WARN_UNUSED_FUNCTION = YES;
				GCC_WARN_UNUSED_VARIABLE = YES;
				IPHONEOS_DEPLOYMENT_TARGET = 17.4;
				LOCALIZATION_PREFERS_STRING_CATALOGS = YES;
				MTL_ENABLE_DEBUG_INFO = NO;
				MTL_FAST_MATH = YES;
				SDKROOT = iphoneos;
				SWIFT_COMPILATION_MODE = wholemodule;
				VALIDATE_PRODUCT = YES;
			};
			name = Release;
		};
		D9A489082BEA655700DEFF36 /* Debug */ = {
			isa = XCBuildConfiguration;
			buildSettings = {
				ASSETCATALOG_COMPILER_APPICON_NAME = AppIcon;
				ASSETCATALOG_COMPILER_GLOBAL_ACCENT_COLOR_NAME = AccentColor;
				CLANG_ENABLE_MODULES = YES;
				CODE_SIGN_STYLE = Automatic;
				CURRENT_PROJECT_VERSION = 1;
				DEVELOPMENT_ASSET_PATHS = "\"NativeSwiftUI_ObjcTest/Preview Content\"";
				DEVELOPMENT_TEAM = GUKARE8QS5;
				ENABLE_PREVIEWS = YES;
				GENERATE_INFOPLIST_FILE = YES;
				INFOPLIST_KEY_UIApplicationSceneManifest_Generation = YES;
				INFOPLIST_KEY_UIApplicationSupportsIndirectInputEvents = YES;
				INFOPLIST_KEY_UILaunchScreen_Generation = YES;
				INFOPLIST_KEY_UISupportedInterfaceOrientations_iPad = "UIInterfaceOrientationPortrait UIInterfaceOrientationPortraitUpsideDown UIInterfaceOrientationLandscapeLeft UIInterfaceOrientationLandscapeRight";
				INFOPLIST_KEY_UISupportedInterfaceOrientations_iPhone = "UIInterfaceOrientationPortrait UIInterfaceOrientationLandscapeLeft UIInterfaceOrientationLandscapeRight";
				LD_RUNPATH_SEARCH_PATHS = (
					"$(inherited)",
					"@executable_path/Frameworks",
				);
				MARKETING_VERSION = 1.0;
				PRODUCT_BUNDLE_IDENTIFIER = "com.nikolaj.NativeSwiftUI-ObjcTest";
				PRODUCT_NAME = "$(TARGET_NAME)";
				SWIFT_EMIT_LOC_STRINGS = YES;
				SWIFT_OBJC_BRIDGING_HEADER = "NativeSwiftUI_ObjcTest/NativeSwiftUI_ObjcTest-Bridging-Header.h";
				SWIFT_OPTIMIZATION_LEVEL = "-Onone";
				SWIFT_VERSION = 5.0;
				TARGETED_DEVICE_FAMILY = "1,2";
			};
			name = Debug;
		};
		D9A489092BEA655700DEFF36 /* Release */ = {
			isa = XCBuildConfiguration;
			buildSettings = {
				ASSETCATALOG_COMPILER_APPICON_NAME = AppIcon;
				ASSETCATALOG_COMPILER_GLOBAL_ACCENT_COLOR_NAME = AccentColor;
				CLANG_ENABLE_MODULES = YES;
				CODE_SIGN_STYLE = Automatic;
				CURRENT_PROJECT_VERSION = 1;
				DEVELOPMENT_ASSET_PATHS = "\"NativeSwiftUI_ObjcTest/Preview Content\"";
				DEVELOPMENT_TEAM = GUKARE8QS5;
				ENABLE_PREVIEWS = YES;
				GENERATE_INFOPLIST_FILE = YES;
				INFOPLIST_KEY_UIApplicationSceneManifest_Generation = YES;
				INFOPLIST_KEY_UIApplicationSupportsIndirectInputEvents = YES;
				INFOPLIST_KEY_UILaunchScreen_Generation = YES;
				INFOPLIST_KEY_UISupportedInterfaceOrientations_iPad = "UIInterfaceOrientationPortrait UIInterfaceOrientationPortraitUpsideDown UIInterfaceOrientationLandscapeLeft UIInterfaceOrientationLandscapeRight";
				INFOPLIST_KEY_UISupportedInterfaceOrientations_iPhone = "UIInterfaceOrientationPortrait UIInterfaceOrientationLandscapeLeft UIInterfaceOrientationLandscapeRight";
				LD_RUNPATH_SEARCH_PATHS = (
					"$(inherited)",
					"@executable_path/Frameworks",
				);
				MARKETING_VERSION = 1.0;
				PRODUCT_BUNDLE_IDENTIFIER = "com.nikolaj.NativeSwiftUI-ObjcTest";
				PRODUCT_NAME = "$(TARGET_NAME)";
				SWIFT_EMIT_LOC_STRINGS = YES;
				SWIFT_OBJC_BRIDGING_HEADER = "NativeSwiftUI_ObjcTest/NativeSwiftUI_ObjcTest-Bridging-Header.h";
				SWIFT_VERSION = 5.0;
				TARGETED_DEVICE_FAMILY = "1,2";
			};
			name = Release;
		};
/* End XCBuildConfiguration section */

/* Begin XCConfigurationList section */
		D9A488F42BEA655600DEFF36 /* Build configuration list for PBXProject "NativeSwiftUI_ObjcTest" */ = {
			isa = XCConfigurationList;
			buildConfigurations = (
				D9A489052BEA655700DEFF36 /* Debug */,
				D9A489062BEA655700DEFF36 /* Release */,
			);
			defaultConfigurationIsVisible = 0;
			defaultConfigurationName = Release;
		};
		D9A489072BEA655700DEFF36 /* Build configuration list for PBXNativeTarget "NativeSwiftUI_ObjcTest" */ = {
			isa = XCConfigurationList;
			buildConfigurations = (
				D9A489082BEA655700DEFF36 /* Debug */,
				D9A489092BEA655700DEFF36 /* Release */,
			);
			defaultConfigurationIsVisible = 0;
			defaultConfigurationName = Release;
		};
/* End XCConfigurationList section */
	};
	rootObject = D9A488F12BEA655600DEFF36 /* Project object */;
}
